
Microsoft Visual Studio Solution File, Format Version 12.00
# Visual Studio Version 16
VisualStudioVersion = 16.0.30804.86
MinimumVisualStudioVersion = 10.0.40219.1
Project("{FAE04EC0-301F-11D3-BF4B-00C04F79EFBC}") = "WEB_API", "WEB_API\WEB_API.csproj", "{70C5D6B0-00BD-404A-8FE4-214B213A0698}"
EndProject
Project("{FAE04EC0-301F-11D3-BF4B-00C04F79EFBC}") = "WindowsFormsApp1", "WindowsFormsApp1\WindowsFormsApp1.csproj", "{2462AD6B-7B3D-4FAE-AD82-DB93DC6D6F14}"
EndProject
Project("{FAE04EC0-301F-11D3-BF4B-00C04F79EFBC}") = "WEB_FORM", "WEB_FORM\WEB_FORM.csproj", "{B7D3B234-CFC6-4A99-AF00-FBC7E35D17D4}"
EndProject
Project("{FAE04EC0-301F-11D3-BF4B-00C04F79EFBC}") = "Web_API_Token", "Web_API_Token\Web_API_Token.csproj", "{72CF74B6-D130-4089-83E4-A4CBFC89F0F8}"
EndProject
Project("{FAE04EC0-301F-11D3-BF4B-00C04F79EFBC}") = "FetchData.Android", "FetchData\FetchData.Android\FetchData.Android.csproj", "{D1EFAF4F-ED63-4CFD-A64B-DBFD55B90742}"
EndProject
Project("{9A19103F-16F7-4668-BE54-9A1E7A4F7556}") = "FetchData", "FetchData\FetchData\FetchData.csproj", "{F2696F33-DEEA-4B90-B5CA-A55569B05B1C}"
EndProject
Project("{FAE04EC0-301F-11D3-BF4B-00C04F79EFBC}") = "WEB_API_V2", "WEB_API_V2\WEB_API_V2.csproj", "{57A27A0A-8283-41AD-95D2-4D5BA92C3F9C}"
EndProject
Project("{FAE04EC0-301F-11D3-BF4B-00C04F79EFBC}") = "ResourceServerForWebAapiV2", "..\..\source\repos\Web_API_TokenV_2\ResourceServerForWebAapiV2\ResourceServerForWebAapiV2.csproj", "{FF5175D4-4C7F-49BA-A6F8-134366C93BC0}"
EndProject
Project("{FAE04EC0-301F-11D3-BF4B-00C04F79EFBC}") = "WindowsFormsApp2", "WindowsFormsApp2\WindowsFormsApp2.csproj", "{C83A6575-757F-4C40-AC81-0F76CF3B90CF}"
	ProjectSection(ProjectDependencies) = postProject
		{ECAF6BA9-9CEA-4518-A7D3-AC41E8044F2F} = {ECAF6BA9-9CEA-4518-A7D3-AC41E8044F2F}
	EndProjectSection
EndProject
Project("{FAE04EC0-301F-11D3-BF4B-00C04F79EFBC}") = "Web Service", "Web Service\Web Service.csproj", "{ECAF6BA9-9CEA-4518-A7D3-AC41E8044F2F}"
EndProject
Project("{FAE04EC0-301F-11D3-BF4B-00C04F79EFBC}") = "XF_Test.Android", "XF_Test\XF_Test.Android\XF_Test.Android.csproj", "{AE232BE0-DC90-4DAC-9B0B-1C536E1224E2}"
EndProject
Project("{9A19103F-16F7-4668-BE54-9A1E7A4F7556}") = "XF_Test", "XF_Test\XF_Test\XF_Test.csproj", "{F2A8EBBC-5CFE-4630-BF1C-FDEE814A3BAA}"
EndProject
Project("{FAE04EC0-301F-11D3-BF4B-00C04F79EFBC}") = "WebApi_Dap", "WebApi_Dap\WebApi_Dap.csproj", "{615CB6ED-B500-48D4-8FFE-F3F671FA257B}"
EndProject
Project("{FAE04EC0-301F-11D3-BF4B-00C04F79EFBC}") = "A", "C:\Users\RDPI-MIS\source\repos\A\A\A.csproj", "{CE19D966-381A-4804-B386-C37FBB2CE9FF}"
EndProject
Project("{FAE04EC0-301F-11D3-BF4B-00C04F79EFBC}") = "WebApplication2", "WebApplication2\WebApplication2.csproj", "{74E8AACD-DC3A-4062-9A71-61066C2DA9C6}"
EndProject
Global
	GlobalSection(SolutionConfigurationPlatforms) = preSolution
		Debug|Any CPU = Debug|Any CPU
		Release|Any CPU = Release|Any CPU
	EndGlobalSection
	GlobalSection(ProjectConfigurationPlatforms) = postSolution
		{70C5D6B0-00BD-404A-8FE4-214B213A0698}.Debug|Any CPU.ActiveCfg = Debug|Any CPU
		{70C5D6B0-00BD-404A-8FE4-214B213A0698}.Debug|Any CPU.Build.0 = Debug|Any CPU
		{70C5D6B0-00BD-404A-8FE4-214B213A0698}.Release|Any CPU.ActiveCfg = Release|Any CPU
		{70C5D6B0-00BD-404A-8FE4-214B213A0698}.Release|Any CPU.Build.0 = Release|Any CPU
		{2462AD6B-7B3D-4FAE-AD82-DB93DC6D6F14}.Debug|Any CPU.ActiveCfg = Debug|Any CPU
		{2462AD6B-7B3D-4FAE-AD82-DB93DC6D6F14}.Debug|Any CPU.Build.0 = Debug|Any CPU
		{2462AD6B-7B3D-4FAE-AD82-DB93DC6D6F14}.Release|Any CPU.ActiveCfg = Release|Any CPU
		{2462AD6B-7B3D-4FAE-AD82-DB93DC6D6F14}.Release|Any CPU.Build.0 = Release|Any CPU
		{B7D3B234-CFC6-4A99-AF00-FBC7E35D17D4}.Debug|Any CPU.ActiveCfg = Debug|Any CPU
		{B7D3B234-CFC6-4A99-AF00-FBC7E35D17D4}.Debug|Any CPU.Build.0 = Debug|Any CPU
		{B7D3B234-CFC6-4A99-AF00-FBC7E35D17D4}.Release|Any CPU.ActiveCfg = Release|Any CPU
		{B7D3B234-CFC6-4A99-AF00-FBC7E35D17D4}.Release|Any CPU.Build.0 = Release|Any CPU
		{72CF74B6-D130-4089-83E4-A4CBFC89F0F8}.Debug|Any CPU.ActiveCfg = Debug|Any CPU
		{72CF74B6-D130-4089-83E4-A4CBFC89F0F8}.Debug|Any CPU.Build.0 = Debug|Any CPU
		{72CF74B6-D130-4089-83E4-A4CBFC89F0F8}.Release|Any CPU.ActiveCfg = Release|Any CPU
		{72CF74B6-D130-4089-83E4-A4CBFC89F0F8}.Release|Any CPU.Build.0 = Release|Any CPU
		{D1EFAF4F-ED63-4CFD-A64B-DBFD55B90742}.Debug|Any CPU.ActiveCfg = Debug|Any CPU
		{D1EFAF4F-ED63-4CFD-A64B-DBFD55B90742}.Debug|Any CPU.Build.0 = Debug|Any CPU
		{D1EFAF4F-ED63-4CFD-A64B-DBFD55B90742}.Debug|Any CPU.Deploy.0 = Debug|Any CPU
		{D1EFAF4F-ED63-4CFD-A64B-DBFD55B90742}.Release|Any CPU.ActiveCfg = Release|Any CPU
		{D1EFAF4F-ED63-4CFD-A64B-DBFD55B90742}.Release|Any CPU.Build.0 = Release|Any CPU
		{D1EFAF4F-ED63-4CFD-A64B-DBFD55B90742}.Release|Any CPU.Deploy.0 = Release|Any CPU
		{F2696F33-DEEA-4B90-B5CA-A55569B05B1C}.Debug|Any CPU.ActiveCfg = Debug|Any CPU
		{F2696F33-DEEA-4B90-B5CA-A55569B05B1C}.Debug|Any CPU.Build.0 = Debug|Any CPU
		{F2696F33-DEEA-4B90-B5CA-A55569B05B1C}.Release|Any CPU.ActiveCfg = Release|Any CPU
		{F2696F33-DEEA-4B90-B5CA-A55569B05B1C}.Release|Any CPU.Build.0 = Release|Any CPU
		{57A27A0A-8283-41AD-95D2-4D5BA92C3F9C}.Debug|Any CPU.ActiveCfg = Debug|Any CPU
		{57A27A0A-8283-41AD-95D2-4D5BA92C3F9C}.Debug|Any CPU.Build.0 = Debug|Any CPU
		{57A27A0A-8283-41AD-95D2-4D5BA92C3F9C}.Release|Any CPU.ActiveCfg = Release|Any CPU
		{57A27A0A-8283-41AD-95D2-4D5BA92C3F9C}.Release|Any CPU.Build.0 = Release|Any CPU
		{FF5175D4-4C7F-49BA-A6F8-134366C93BC0}.Debug|Any CPU.ActiveCfg = Debug|Any CPU
		{FF5175D4-4C7F-49BA-A6F8-134366C93BC0}.Debug|Any CPU.Build.0 = Debug|Any CPU
		{FF5175D4-4C7F-49BA-A6F8-134366C93BC0}.Release|Any CPU.ActiveCfg = Release|Any CPU
		{FF5175D4-4C7F-49BA-A6F8-134366C93BC0}.Release|Any CPU.Build.0 = Release|Any CPU
		{C83A6575-757F-4C40-AC81-0F76CF3B90CF}.Debug|Any CPU.ActiveCfg = Debug|Any CPU
		{C83A6575-757F-4C40-AC81-0F76CF3B90CF}.Debug|Any CPU.Build.0 = Debug|Any CPU
		{C83A6575-757F-4C40-AC81-0F76CF3B90CF}.Release|Any CPU.ActiveCfg = Release|Any CPU
		{C83A6575-757F-4C40-AC81-0F76CF3B90CF}.Release|Any CPU.Build.0 = Release|Any CPU
		{ECAF6BA9-9CEA-4518-A7D3-AC41E8044F2F}.Debug|Any CPU.ActiveCfg = Debug|Any CPU
		{ECAF6BA9-9CEA-4518-A7D3-AC41E8044F2F}.Debug|Any CPU.Build.0 = Debug|Any CPU
		{ECAF6BA9-9CEA-4518-A7D3-AC41E8044F2F}.Release|Any CPU.ActiveCfg = Release|Any CPU
		{ECAF6BA9-9CEA-4518-A7D3-AC41E8044F2F}.Release|Any CPU.Build.0 = Release|Any CPU
		{AE232BE0-DC90-4DAC-9B0B-1C536E1224E2}.Debug|Any CPU.ActiveCfg = Debug|Any CPU
		{AE232BE0-DC90-4DAC-9B0B-1C536E1224E2}.Debug|Any CPU.Build.0 = Debug|Any CPU
		{AE232BE0-DC90-4DAC-9B0B-1C536E1224E2}.Debug|Any CPU.Deploy.0 = Debug|Any CPU
		{AE232BE0-DC90-4DAC-9B0B-1C536E1224E2}.Release|Any CPU.ActiveCfg = Release|Any CPU
		{AE232BE0-DC90-4DAC-9B0B-1C536E1224E2}.Release|Any CPU.Build.0 = Release|Any CPU
		{AE232BE0-DC90-4DAC-9B0B-1C536E1224E2}.Release|Any CPU.Deploy.0 = Release|Any CPU
		{F2A8EBBC-5CFE-4630-BF1C-FDEE814A3BAA}.Debug|Any CPU.ActiveCfg = Debug|Any CPU
		{F2A8EBBC-5CFE-4630-BF1C-FDEE814A3BAA}.Debug|Any CPU.Build.0 = Debug|Any CPU
		{F2A8EBBC-5CFE-4630-BF1C-FDEE814A3BAA}.Release|Any CPU.ActiveCfg = Release|Any CPU
		{F2A8EBBC-5CFE-4630-BF1C-FDEE814A3BAA}.Release|Any CPU.Build.0 = Release|Any CPU
		{615CB6ED-B500-48D4-8FFE-F3F671FA257B}.Debug|Any CPU.ActiveCfg = Debug|Any CPU
		{615CB6ED-B500-48D4-8FFE-F3F671FA257B}.Debug|Any CPU.Build.0 = Debug|Any CPU
		{615CB6ED-B500-48D4-8FFE-F3F671FA257B}.Release|Any CPU.ActiveCfg = Release|Any CPU
		{615CB6ED-B500-48D4-8FFE-F3F671FA257B}.Release|Any CPU.Build.0 = Release|Any CPU
		{CE19D966-381A-4804-B386-C37FBB2CE9FF}.Debug|Any CPU.ActiveCfg = Debug|Any CPU
		{CE19D966-381A-4804-B386-C37FBB2CE9FF}.Debug|Any CPU.Build.0 = Debug|Any CPU
		{CE19D966-381A-4804-B386-C37FBB2CE9FF}.Release|Any CPU.ActiveCfg = Release|Any CPU
		{CE19D966-381A-4804-B386-C37FBB2CE9FF}.Release|Any CPU.Build.0 = Release|Any CPU
		{74E8AACD-DC3A-4062-9A71-61066C2DA9C6}.Debug|Any CPU.ActiveCfg = Debug|Any CPU
		{74E8AACD-DC3A-4062-9A71-61066C2DA9C6}.Debug|Any CPU.Build.0 = Debug|Any CPU
		{74E8AACD-DC3A-4062-9A71-61066C2DA9C6}.Release|Any CPU.ActiveCfg = Release|Any CPU
		{74E8AACD-DC3A-4062-9A71-61066C2DA9C6}.Release|Any CPU.Build.0 = Release|Any CPU
	EndGlobalSection
	GlobalSection(SolutionProperties) = preSolution
		HideSolutionNode = FALSE
	EndGlobalSection
	GlobalSection(ExtensibilityGlobals) = postSolution
		SolutionGuid = {D02580EF-03F7-4649-8B81-AD45E6697411}
	EndGlobalSection
EndGlobal
